[[package]]
category = "main"
description = "Note: This library is already replaced by MSAL Python, available here: https://pypi.org/project/msal/ .ADAL Python remains available here as a legacy. The ADAL for Python library makes it easy for python application to authenticate to Azure Active Directory (AAD) in order to access AAD protected web resources."
name = "adal"
optional = false
python-versions = "*"
version = "1.2.4"

[package.dependencies]
PyJWT = ">=1.0.0"
cryptography = ">=1.1.0"
python-dateutil = ">=2.1.0"
requests = ">=2.0.0"

[[package]]
category = "main"
description = "Advanced Enumerations (compatible with Python's stdlib Enum), NamedTuples, and NamedConstants"
marker = "python_version < \"3.6\""
name = "aenum"
optional = false
python-versions = "*"
version = "2.2.4"

[[package]]
category = "main"
description = "Fast ASN.1 parser and serializer with definitions for private keys, public keys, certificates, CRL, OCSP, CMS, PKCS#3, PKCS#7, PKCS#8, PKCS#12, PKCS#5, X.509 and TSP"
name = "asn1crypto"
optional = false
python-versions = "*"
version = "1.4.0"

[[package]]
category = "main"
description = "Classes Without Boilerplate"
name = "attrs"
optional = false
python-versions = "*"
version = "18.2.0"

[package.extras]
dev = ["coverage", "hypothesis", "pympler", "pytest", "six", "zope.interface", "sphinx", "zope.interface", "pre-commit"]
docs = ["sphinx", "zope.interface"]
tests = ["coverage", "hypothesis", "pympler", "pytest", "six", "zope.interface"]

[[package]]
category = "main"
description = "Python package for providing Mozilla's CA Bundle."
name = "certifi"
optional = false
python-versions = "*"
version = "2020.6.20"

[[package]]
category = "main"
description = "Foreign Function Interface for Python calling C code."
marker = "platform_python_implementation != \"PyPy\""
name = "cffi"
optional = false
python-versions = "*"
version = "1.14.3"

[package.dependencies]
pycparser = "*"

[[package]]
category = "main"
description = "Universal encoding detector for Python 2 and 3"
name = "chardet"
optional = false
python-versions = "*"
version = "3.0.4"

[[package]]
category = "main"
description = "A simple wrapper around optparse for powerful command line utilities."
name = "click"
optional = false
python-versions = "*"
version = "6.7"

[[package]]
category = "main"
description = "An extension module for click to enable registering CLI commands via setuptools entry-points."
name = "click-plugins"
optional = false
python-versions = "*"
version = "1.1.1"

[package.dependencies]
click = ">=4.0"

[package.extras]
dev = ["pytest (>=3.6)", "pytest-cov", "wheel", "coveralls"]

[[package]]
category = "main"
description = "Click params for commmand line interfaces to GeoJSON"
name = "cligj"
optional = false
python-versions = "*"
version = "0.5.0"

[package.dependencies]
click = ">=4.0,<8"

[package.extras]
test = ["pytest-cov"]

[[package]]
category = "main"
description = "cryptography is a package which provides cryptographic recipes and primitives to Python developers."
name = "cryptography"
optional = false
python-versions = "*"
version = "2.1.4"

[package.dependencies]
asn1crypto = ">=0.21.0"
cffi = ">=1.7"
idna = ">=2.1"
six = ">=1.4.1"

[package.extras]
docstest = ["doc8", "pyenchant (>=1.6.11)", "readme_renderer (>=16.0)", "sphinx", "sphinx-rtd-theme", "sphinxcontrib-spelling"]
pep8test = ["flake8", "flake8-import-order", "pep8-naming"]
test = ["pytest (>=3.2.1,<3.3.0 || >3.3.0)", "pretend", "iso8601", "pytz", "hypothesis (>=1.11.4)"]

[[package]]
category = "main"
description = "Python 3.4 Enum backported to 3.3, 3.2, 3.1, 2.7, 2.6, 2.5, and 2.4"
marker = "python_version < \"3.4\""
name = "enum34"
optional = false
python-versions = "*"
version = "1.1.10"

[[package]]
category = "main"
description = "Fiona reads and writes spatial data files"
name = "fiona"
optional = false
python-versions = "*"
version = "1.8.17"

[package.dependencies]
attrs = ">=17"
click = ">=4.0,<8"
click-plugins = ">=1.0"
cligj = ">=0.5"
munch = "*"
six = ">=1.7"

[package.dependencies.enum34]
python = "<3.4"
version = "*"

[package.extras]
all = ["pytest (>=3)", "boto3 (>=1.2.4)", "pytest-cov", "shapely", "mock"]
calc = ["shapely"]
s3 = ["boto3 (>=1.2.4)"]
test = ["pytest (>=3)", "pytest-cov", "boto3 (>=1.2.4)", "mock"]

[[package]]
category = "main"
description = "Geographic pandas extensions"
name = "geopandas"
optional = false
python-versions = "*"
version = "0.5.1"

[package.dependencies]
fiona = "*"
pandas = "*"
pyproj = "*"
shapely = "*"

[[package]]
category = "main"
description = "Internationalized Domain Names in Applications (IDNA)"
name = "idna"
optional = false
python-versions = "*"
version = "2.6"

[[package]]
category = "main"
description = "A dot-accessible dictionary (a la JavaScript objects)"
name = "munch"
optional = false
python-versions = "*"
version = "2.5.0"

[package.dependencies]
six = "*"

[package.extras]
testing = ["pytest", "coverage", "astroid (>=1.5.3,<1.6.0)", "pylint (>=1.7.2,<1.8.0)", "astroid (>=2.0)", "pylint (>=2.3.1,<2.4.0)"]
yaml = ["PyYAML (>=5.1.0)"]

[[package]]
category = "main"
description = "NumPy: array processing for numbers, strings, records, and objects."
name = "numpy"
optional = false
python-versions = "*"
version = "1.12.1"

[[package]]
category = "main"
description = "Office 365 Library for Python"
name = "office365-rest-client"
optional = false
python-versions = "*"
version = "2.2.0"

[package.dependencies]
adal = "*"
requests = "*"

[package.extras]
ntlmauthentication = ["requests-ntlm"]

[[package]]
category = "main"
description = "Powerful data structures for data analysis, time series,and statistics"
name = "pandas"
optional = false
python-versions = "*"
version = "0.22.0"

[package.dependencies]
numpy = ">=1.9.0"
python-dateutil = "*"
pytz = ">=2011k"

[[package]]
category = "main"
description = "C parser in Python"
marker = "platform_python_implementation != \"PyPy\""
name = "pycparser"
optional = false
python-versions = "*"
version = "2.18"

[[package]]
category = "main"
description = "JSON Web Token implementation in Python"
name = "pyjwt"
optional = false
python-versions = "*"
version = "1.7.1"

[package.extras]
crypto = ["cryptography (>=1.4)"]
flake8 = ["flake8", "flake8-import-order", "pep8-naming"]
test = ["pytest (>=4.0.1,<5.0.0)", "pytest-cov (>=2.6.0,<3.0.0)", "pytest-runner (>=4.2,<5.0.0)"]

[[package]]
category = "main"
description = "Python interface to PROJ (cartographic projections and coordinate transformations library)"
name = "pyproj"
optional = false
python-versions = "*"
version = "2.2.2"

[package.dependencies]
[package.dependencies.aenum]
python = "<3.6"
version = "*"

[[package]]
category = "main"
description = "Extensions to the standard Python datetime module"
name = "python-dateutil"
optional = false
python-versions = "*"
version = "2.6.1"

[package.dependencies]
six = ">=1.5"

[[package]]
category = "main"
description = "Add .env support to your django/flask apps in development and deployments"
name = "python-dotenv"
optional = false
python-versions = "*"
version = "0.14.0"

[package.dependencies]
[package.dependencies.typing]
python = "<3.5"
version = "*"

[package.extras]
cli = ["click (>=5.0)"]

[[package]]
category = "main"
description = "World timezone definitions, modern and historical"
name = "pytz"
optional = false
python-versions = "*"
version = "2020.1"

[[package]]
category = "main"
description = "Python HTTP for Humans."
name = "requests"
optional = false
python-versions = "*"
version = "2.18.4"

[package.dependencies]
certifi = ">=2017.4.17"
chardet = ">=3.0.2,<3.1.0"
idna = ">=2.5,<2.7"
urllib3 = ">=1.21.1,<1.23"

[package.extras]
security = ["cryptography (>=1.3.4)", "idna (>=2.0.0)", "pyOpenSSL (>=0.14)"]
socks = ["PySocks (>=1.5.6,<1.5.7 || >1.5.7)", "win-inet-pton"]

[[package]]
category = "main"
description = "Geometric objects, predicates, and operations"
name = "shapely"
optional = false
python-versions = "*"
version = "1.7.1"

[package.extras]
all = ["numpy", "pytest", "pytest-cov"]
test = ["pytest", "pytest-cov"]
vectorized = ["numpy"]

[[package]]
category = "main"
description = "Python 2 and 3 compatibility utilities"
name = "six"
optional = false
python-versions = "*"
version = "1.11.0"

[[package]]
category = "main"
description = "Type Hints for Python"
marker = "python_version < \"3.5\""
name = "typing"
optional = false
python-versions = "*"
version = "3.7.4.1"

[[package]]
category = "main"
description = "HTTP library with thread-safe connection pooling, file post, and more."
name = "urllib3"
optional = false
python-versions = "*"
version = "1.22"

[package.extras]
secure = ["pyOpenSSL (>=0.14)", "cryptography (>=1.3.4)", "idna (>=2.0.0)", "certifi", "ipaddress"]
socks = ["PySocks (>=1.5.6,<1.5.7 || >1.5.7,<2.0)"]

[metadata]
content-hash = "a8a59ef7b720fbcb27b20c694582a34768669b6c7a7b87b2131fcf503d68b501"
lock-version = "1.0"
python-versions = "3.*"

[metadata.files]
adal = [
    {file = "adal-1.2.4-py2.py3-none-any.whl", hash = "sha256:b332316f54d947f39acd9628e7d61d90f6e54d413d6f97025a51482c96bac6bc"},
    {file = "adal-1.2.4.tar.gz", hash = "sha256:7a15d22b1ee7ce1be92441199958748982feba6b7dec35fbf60f9b607bad1bc0"},
]
aenum = [
    {file = "aenum-2.2.4-py2-none-any.whl", hash = "sha256:85adabd63183d283250bf7acd9fa23c7e45b1c8d1efbb84b233160f3c438dc18"},
    {file = "aenum-2.2.4-py3-none-any.whl", hash = "sha256:bcb4fd350d36af336b6b5898e5d89f76344621d9c1b2de69c81acf1d3e6b1145"},
    {file = "aenum-2.2.4.tar.gz", hash = "sha256:81828d1fbe20b6b188d75b21a0fa936d7d929d839ef843ef385d9c2a97082864"},
]
asn1crypto = [
    {file = "asn1crypto-1.4.0-py2.py3-none-any.whl", hash = "sha256:4bcdf33c861c7d40bdcd74d8e4dd7661aac320fcdf40b9a3f95b4ee12fde2fa8"},
    {file = "asn1crypto-1.4.0.tar.gz", hash = "sha256:f4f6e119474e58e04a2b1af817eb585b4fd72bdd89b998624712b5c99be7641c"},
]
attrs = [
    {file = "attrs-18.2.0-py2.py3-none-any.whl", hash = "sha256:ca4be454458f9dec299268d472aaa5a11f67a4ff70093396e1ceae9c76cf4bbb"},
    {file = "attrs-18.2.0.tar.gz", hash = "sha256:10cbf6e27dbce8c30807caf056c8eb50917e0eaafe86347671b57254006c3e69"},
]
certifi = [
    {file = "certifi-2020.6.20-py2.py3-none-any.whl", hash = "sha256:8fc0819f1f30ba15bdb34cceffb9ef04d99f420f68eb75d901e9560b8749fc41"},
    {file = "certifi-2020.6.20.tar.gz", hash = "sha256:5930595817496dd21bb8dc35dad090f1c2cd0adfaf21204bf6732ca5d8ee34d3"},
]
cffi = [
    {file = "cffi-1.14.3-cp27-cp27m-macosx_10_9_x86_64.whl", hash = "sha256:485d029815771b9fe4fa7e1c304352fe57df6939afe835dfd0182c7c13d5e92e"},
    {file = "cffi-1.14.3-cp27-cp27m-manylinux1_i686.whl", hash = "sha256:3cb3e1b9ec43256c4e0f8d2837267a70b0e1ca8c4f456685508ae6106b1f504c"},
    {file = "cffi-1.14.3-cp27-cp27m-manylinux1_x86_64.whl", hash = "sha256:f0620511387790860b249b9241c2f13c3a80e21a73e0b861a2df24e9d6f56730"},
    {file = "cffi-1.14.3-cp27-cp27m-win32.whl", hash = "sha256:005f2bfe11b6745d726dbb07ace4d53f057de66e336ff92d61b8c7e9c8f4777d"},
    {file = "cffi-1.14.3-cp27-cp27m-win_amd64.whl", hash = "sha256:2f9674623ca39c9ebe38afa3da402e9326c245f0f5ceff0623dccdac15023e05"},
    {file = "cffi-1.14.3-cp27-cp27mu-manylinux1_i686.whl", hash = "sha256:09e96138280241bd355cd585148dec04dbbedb4f46128f340d696eaafc82dd7b"},
    {file = "cffi-1.14.3-cp27-cp27mu-manylinux1_x86_64.whl", hash = "sha256:3363e77a6176afb8823b6e06db78c46dbc4c7813b00a41300a4873b6ba63b171"},
    {file = "cffi-1.14.3-cp35-cp35m-macosx_10_9_x86_64.whl", hash = "sha256:52bf29af05344c95136df71716bb60508bbd217691697b4307dcae681612db9f"},
    {file = "cffi-1.14.3-cp35-cp35m-manylinux1_i686.whl", hash = "sha256:0ef488305fdce2580c8b2708f22d7785ae222d9825d3094ab073e22e93dfe51f"},
    {file = "cffi-1.14.3-cp35-cp35m-manylinux1_x86_64.whl", hash = "sha256:0b1ad452cc824665ddc682400b62c9e4f5b64736a2ba99110712fdee5f2505c4"},
    {file = "cffi-1.14.3-cp35-cp35m-win32.whl", hash = "sha256:85ba797e1de5b48aa5a8427b6ba62cf69607c18c5d4eb747604b7302f1ec382d"},
    {file = "cffi-1.14.3-cp35-cp35m-win_amd64.whl", hash = "sha256:e66399cf0fc07de4dce4f588fc25bfe84a6d1285cc544e67987d22663393926d"},
    {file = "cffi-1.14.3-cp36-cp36m-macosx_10_9_x86_64.whl", hash = "sha256:c687778dda01832555e0af205375d649fa47afeaeeb50a201711f9a9573323b8"},
    {file = "cffi-1.14.3-cp36-cp36m-manylinux1_i686.whl", hash = "sha256:15f351bed09897fbda218e4db5a3d5c06328862f6198d4fb385f3e14e19decb3"},
    {file = "cffi-1.14.3-cp36-cp36m-manylinux1_x86_64.whl", hash = "sha256:4d7c26bfc1ea9f92084a1d75e11999e97b62d63128bcc90c3624d07813c52808"},
    {file = "cffi-1.14.3-cp36-cp36m-manylinux2014_aarch64.whl", hash = "sha256:23e5d2040367322824605bc29ae8ee9175200b92cb5483ac7d466927a9b3d537"},
    {file = "cffi-1.14.3-cp36-cp36m-win32.whl", hash = "sha256:a624fae282e81ad2e4871bdb767e2c914d0539708c0f078b5b355258293c98b0"},
    {file = "cffi-1.14.3-cp36-cp36m-win_amd64.whl", hash = "sha256:de31b5164d44ef4943db155b3e8e17929707cac1e5bd2f363e67a56e3af4af6e"},
    {file = "cffi-1.14.3-cp37-cp37m-macosx_10_9_x86_64.whl", hash = "sha256:03d3d238cc6c636a01cf55b9b2e1b6531a7f2f4103fabb5a744231582e68ecc7"},
    {file = "cffi-1.14.3-cp37-cp37m-manylinux1_i686.whl", hash = "sha256:f92cdecb618e5fa4658aeb97d5eb3d2f47aa94ac6477c6daf0f306c5a3b9e6b1"},
    {file = "cffi-1.14.3-cp37-cp37m-manylinux1_x86_64.whl", hash = "sha256:22399ff4870fb4c7ef19fff6eeb20a8bbf15571913c181c78cb361024d574579"},
    {file = "cffi-1.14.3-cp37-cp37m-manylinux2014_aarch64.whl", hash = "sha256:f4eae045e6ab2bb54ca279733fe4eb85f1effda392666308250714e01907f394"},
    {file = "cffi-1.14.3-cp37-cp37m-win32.whl", hash = "sha256:b0358e6fefc74a16f745afa366acc89f979040e0cbc4eec55ab26ad1f6a9bfbc"},
    {file = "cffi-1.14.3-cp37-cp37m-win_amd64.whl", hash = "sha256:6642f15ad963b5092d65aed022d033c77763515fdc07095208f15d3563003869"},
    {file = "cffi-1.14.3-cp38-cp38-macosx_10_9_x86_64.whl", hash = "sha256:c2a33558fdbee3df370399fe1712d72464ce39c66436270f3664c03f94971aff"},
    {file = "cffi-1.14.3-cp38-cp38-manylinux1_i686.whl", hash = "sha256:2791f68edc5749024b4722500e86303a10d342527e1e3bcac47f35fbd25b764e"},
    {file = "cffi-1.14.3-cp38-cp38-manylinux1_x86_64.whl", hash = "sha256:529c4ed2e10437c205f38f3691a68be66c39197d01062618c55f74294a4a4828"},
    {file = "cffi-1.14.3-cp38-cp38-manylinux2014_aarch64.whl", hash = "sha256:8f0f1e499e4000c4c347a124fa6a27d37608ced4fe9f7d45070563b7c4c370c9"},
    {file = "cffi-1.14.3-cp38-cp38-win32.whl", hash = "sha256:3b8eaf915ddc0709779889c472e553f0d3e8b7bdf62dab764c8921b09bf94522"},
    {file = "cffi-1.14.3-cp38-cp38-win_amd64.whl", hash = "sha256:bbd2f4dfee1079f76943767fce837ade3087b578aeb9f69aec7857d5bf25db15"},
    {file = "cffi-1.14.3-cp39-cp39-macosx_10_9_x86_64.whl", hash = "sha256:5d9a7dc7cf8b1101af2602fe238911bcc1ac36d239e0a577831f5dac993856e9"},
    {file = "cffi-1.14.3-cp39-cp39-manylinux1_i686.whl", hash = "sha256:cc75f58cdaf043fe6a7a6c04b3b5a0e694c6a9e24050967747251fb80d7bce0d"},
    {file = "cffi-1.14.3-cp39-cp39-manylinux1_x86_64.whl", hash = "sha256:bf39a9e19ce7298f1bd6a9758fa99707e9e5b1ebe5e90f2c3913a47bc548747c"},
    {file = "cffi-1.14.3-cp39-cp39-win32.whl", hash = "sha256:d80998ed59176e8cba74028762fbd9b9153b9afc71ea118e63bbf5d4d0f9552b"},
    {file = "cffi-1.14.3-cp39-cp39-win_amd64.whl", hash = "sha256:c150eaa3dadbb2b5339675b88d4573c1be3cb6f2c33a6c83387e10cc0bf05bd3"},
    {file = "cffi-1.14.3.tar.gz", hash = "sha256:f92f789e4f9241cd262ad7a555ca2c648a98178a953af117ef7fad46aa1d5591"},
]
chardet = [
    {file = "chardet-3.0.4-py2.py3-none-any.whl", hash = "sha256:fc323ffcaeaed0e0a02bf4d117757b98aed530d9ed4531e3e15460124c106691"},
    {file = "chardet-3.0.4.tar.gz", hash = "sha256:84ab92ed1c4d4f16916e05906b6b75a6c0fb5db821cc65e70cbd64a3e2a5eaae"},
]
click = [
    {file = "click-6.7-py2.py3-none-any.whl", hash = "sha256:29f99fc6125fbc931b758dc053b3114e55c77a6e4c6c3a2674a2dc986016381d"},
    {file = "click-6.7.tar.gz", hash = "sha256:f15516df478d5a56180fbf80e68f206010e6d160fc39fa508b65e035fd75130b"},
]
click-plugins = [
    {file = "click-plugins-1.1.1.tar.gz", hash = "sha256:46ab999744a9d831159c3411bb0c79346d94a444df9a3a3742e9ed63645f264b"},
    {file = "click_plugins-1.1.1-py2.py3-none-any.whl", hash = "sha256:5d262006d3222f5057fd81e1623d4443e41dcda5dc815c06b442aa3c02889fc8"},
]
cligj = [
    {file = "cligj-0.5.0-py2-none-any.whl", hash = "sha256:60c93dda4499562eb87509a8ff3535a7441053b766c9c26bcf874a732f939c7c"},
    {file = "cligj-0.5.0-py3-none-any.whl", hash = "sha256:20f24ce9abfde3f758aec3399e6811b936b6772f360846c662c19bf5537b4f14"},
    {file = "cligj-0.5.0.tar.gz", hash = "sha256:6c7d52d529a78712491974f975c33473f430c0f7beb18c0d7a402a743dcb460a"},
]
cryptography = [
    {file = "cryptography-2.1.4-cp27-cp27m-macosx_10_6_intel.whl", hash = "sha256:69285f5615507b6625f89ea1048addd1d9218585fb886eb90bdebb1d2b2d26f5"},
    {file = "cryptography-2.1.4-cp27-cp27m-manylinux1_i686.whl", hash = "sha256:6cb1224da391fa90f1be524eafb375b62baf8d3df9690b32e8cc475ccfccee5e"},
    {file = "cryptography-2.1.4-cp27-cp27m-manylinux1_x86_64.whl", hash = "sha256:4f385ee7d39ee1ed74f1d6b1da03d0734ea82855a7b28a9e6e88c4091bc58664"},
    {file = "cryptography-2.1.4-cp27-cp27m-win32.whl", hash = "sha256:0d39a93cf25edeae1f796bbc5960e587f34513a852564f6345ea4491a86c5997"},
    {file = "cryptography-2.1.4-cp27-cp27m-win_amd64.whl", hash = "sha256:41f94194ae78f83fd94ca94fb8ad65f92210a76a2421169ffa5c33c3ec7605f4"},
    {file = "cryptography-2.1.4-cp27-cp27mu-manylinux1_i686.whl", hash = "sha256:a5f2c681fd040ed648513939a1dd2242af19bd5e9e79e53b6dcfa33bdae61217"},
    {file = "cryptography-2.1.4-cp27-cp27mu-manylinux1_x86_64.whl", hash = "sha256:fc2208d95d9ecc8032f5e38330d5ace2e3b0b998e42b08c30c35b2ab3a4a3bc8"},
    {file = "cryptography-2.1.4-cp34-cp34m-macosx_10_6_intel.whl", hash = "sha256:7a2409f1564c84bcf2563d379c9b6148c5bc6b0ae46e109f6a7b4bebadf551df"},
    {file = "cryptography-2.1.4-cp34-cp34m-manylinux1_i686.whl", hash = "sha256:55555d784cfdf9033e81f044c0df04babed2aa141213765d960d233b0139e353"},
    {file = "cryptography-2.1.4-cp34-cp34m-manylinux1_x86_64.whl", hash = "sha256:9a47a80f65f4feaaf8415a40c339806c7d7d867152ddccc6ca87f707c8b7b565"},
    {file = "cryptography-2.1.4-cp34-cp34m-win32.whl", hash = "sha256:6fb22f63e17813f3d1d8e30dd1e249e2c34233ba1d3de977fd31cb5db764c7d0"},
    {file = "cryptography-2.1.4-cp34-cp34m-win_amd64.whl", hash = "sha256:ee245f185fae723133511e2450be08a66c2eebb53ad27c0c19b228029f4748a5"},
    {file = "cryptography-2.1.4-cp35-cp35m-macosx_10_6_intel.whl", hash = "sha256:9a2945efcff84830c8e237ab037d0269380d75d400a89cc9e5628e52647e21be"},
    {file = "cryptography-2.1.4-cp35-cp35m-manylinux1_i686.whl", hash = "sha256:2cfcee8829c5dec55597826d52c26bc26e7ce39adb4771584459d0636b0b7108"},
    {file = "cryptography-2.1.4-cp35-cp35m-manylinux1_x86_64.whl", hash = "sha256:33b564196dcd563e309a0b07444e31611368afe3a3822160c046f5e4c3b5cdd7"},
    {file = "cryptography-2.1.4-cp35-cp35m-win32.whl", hash = "sha256:18d0b0fc21f39b35ea469a82584f55eeecec1f65a92d85af712c425bdef627b3"},
    {file = "cryptography-2.1.4-cp35-cp35m-win_amd64.whl", hash = "sha256:d18df9cf3f3212df28d445ea82ce702c4d7a35817ef7a38ee38879ffa8f7e857"},
    {file = "cryptography-2.1.4-cp36-cp36m-macosx_10_6_intel.whl", hash = "sha256:b984523d28737e373c7c35c8b6db6001537609d47534892de189bebebaa42a47"},
    {file = "cryptography-2.1.4-cp36-cp36m-manylinux1_i686.whl", hash = "sha256:27a208b9600166976182351174948e128818e7fc95cbdba18143f3106a211546"},
    {file = "cryptography-2.1.4-cp36-cp36m-manylinux1_x86_64.whl", hash = "sha256:28e4e9a97713aa47b5ef9c5003def2eb58aec89781ef3ef82b1c2916a8b0639b"},
    {file = "cryptography-2.1.4-cp36-cp36m-win32.whl", hash = "sha256:a3c180d12ffb1d8ee5b33a514a5bcb2a9cc06cc89aa74038015591170c82f55d"},
    {file = "cryptography-2.1.4-cp36-cp36m-win_amd64.whl", hash = "sha256:8487524a1212223ca6dc7e2c8913024618f7ff29855c98869088e3818d5f6733"},
    {file = "cryptography-2.1.4.tar.gz", hash = "sha256:e4d967371c5b6b2e67855066471d844c5d52d210c36c28d49a8507b96e2c5291"},
]
enum34 = [
    {file = "enum34-1.1.10-py2-none-any.whl", hash = "sha256:a98a201d6de3f2ab3db284e70a33b0f896fbf35f8086594e8c9e74b909058d53"},
    {file = "enum34-1.1.10-py3-none-any.whl", hash = "sha256:c3858660960c984d6ab0ebad691265180da2b43f07e061c0f8dca9ef3cffd328"},
    {file = "enum34-1.1.10.tar.gz", hash = "sha256:cce6a7477ed816bd2542d03d53db9f0db935dd013b70f336a95c73979289f248"},
]
fiona = [
    {file = "Fiona-1.8.17-cp27-cp27mu-manylinux1_x86_64.whl", hash = "sha256:2563d9a9f21390a7376556c82d9cef90a20a362949a9c7cb66f4ce63d90b66cd"},
    {file = "Fiona-1.8.17-cp35-cp35m-macosx_10_9_intel.whl", hash = "sha256:5558d925d67f5b08d0bdb3d58f3611b2e9d4f070cb9b026bbdd52b6d487d5e03"},
    {file = "Fiona-1.8.17-cp35-cp35m-manylinux1_x86_64.whl", hash = "sha256:fcfd8b67403de9b1cc53c045c72542e9f30cb15e617c89c41b928046a9b27daa"},
    {file = "Fiona-1.8.17-cp36-cp36m-macosx_10_9_x86_64.whl", hash = "sha256:4743fd04e3c1d88619e3c1e1266b826427c4e3fcf1286abbda8d3480028781bf"},
    {file = "Fiona-1.8.17-cp36-cp36m-manylinux1_x86_64.whl", hash = "sha256:84131992cc664d531c93d1d4860c4b7ceac0516a2f31b9cd71823889c21fa67d"},
    {file = "Fiona-1.8.17-cp37-cp37m-macosx_10_9_x86_64.whl", hash = "sha256:d38a6ef59087b5a20ad7298608c5392e37705ff14d27b44435e04072bbf6632c"},
    {file = "Fiona-1.8.17-cp37-cp37m-manylinux1_x86_64.whl", hash = "sha256:7f101957734898d2ad694be8d2bdd3f3e4f722387d3972c89dcedcae6b6c4bb7"},
    {file = "Fiona-1.8.17-cp38-cp38-macosx_10_9_x86_64.whl", hash = "sha256:c9adb0c4245aec2d642727e027b79b862be4ffa13bdcc65b7ea5f9405cec492c"},
    {file = "Fiona-1.8.17-cp38-cp38-manylinux1_x86_64.whl", hash = "sha256:cfeed61eb411ddc30f5048c43f3dfc0c03a97603dfa2bdc2ee16d5d063ff24b4"},
    {file = "Fiona-1.8.17.tar.gz", hash = "sha256:716201c21246587f374785bec6d6a20a984fe1f6c2b0e83bf15127eb8f724d0c"},
]
geopandas = [
    {file = "geopandas-0.5.1-py2.py3-none-any.whl", hash = "sha256:99a243b9c33cb60c2f08b8db37108d5b44749b9b0b8c6c3add44143152a0956a"},
    {file = "geopandas-0.5.1.tar.gz", hash = "sha256:f0c99a5055bef99a31f63480bef0048f164dbadc5a9af081fe25c1c5c2dc7a87"},
]
idna = [
    {file = "idna-2.6-py2.py3-none-any.whl", hash = "sha256:8c7309c718f94b3a625cb648ace320157ad16ff131ae0af362c9f21b80ef6ec4"},
    {file = "idna-2.6.tar.gz", hash = "sha256:2c6a5de3089009e3da7c5dde64a141dbc8551d5b7f6cf4ed7c2568d0cc520a8f"},
]
munch = [
    {file = "munch-2.5.0-py2.py3-none-any.whl", hash = "sha256:6f44af89a2ce4ed04ff8de41f70b226b984db10a91dcc7b9ac2efc1c77022fdd"},
    {file = "munch-2.5.0.tar.gz", hash = "sha256:2d735f6f24d4dba3417fa448cae40c6e896ec1fdab6cdb5e6510999758a4dbd2"},
]
numpy = [
    {file = "numpy-1.12.1-cp27-cp27m-macosx_10_6_intel.macosx_10_9_intel.macosx_10_9_x86_64.macosx_10_10_intel.macosx_10_10_x86_64.whl", hash = "sha256:3b21dc40fa1e2450dee8cf54991b0f95c415ac508d5db1227338efcf03c162cd"},
    {file = "numpy-1.12.1-cp27-cp27m-manylinux1_i686.whl", hash = "sha256:405ce136edb18c6f1f8c5acc75d7d8fbb875cc8b5015562251b93435099233d3"},
    {file = "numpy-1.12.1-cp27-cp27m-manylinux1_x86_64.whl", hash = "sha256:ca917155b35b3bcc68ef1ad82570a29414f5088495ea8f68c65b071c50e64340"},
    {file = "numpy-1.12.1-cp27-cp27mu-manylinux1_i686.whl", hash = "sha256:7e9015bc5de54c8bd73ca750ccedfda25d34a25a767caf802740d35a692ec3ab"},
    {file = "numpy-1.12.1-cp27-cp27mu-manylinux1_x86_64.whl", hash = "sha256:cd7892f7d644d1b4ed2ead254d4851616c07ecf82618e3203e2a81747ffb6069"},
    {file = "numpy-1.12.1-cp27-none-win32.whl", hash = "sha256:56e68de63ae738f40669b6a5f0601f9453940a0470a1e9bea16448e5b53f5f28"},
    {file = "numpy-1.12.1-cp27-none-win_amd64.whl", hash = "sha256:95e52d1077abeead6d205c1fc644f075228813859bb625960c1ae1248c4189ba"},
    {file = "numpy-1.12.1-cp34-cp34m-macosx_10_6_intel.macosx_10_9_intel.macosx_10_9_x86_64.macosx_10_10_intel.macosx_10_10_x86_64.whl", hash = "sha256:bcbce5ef18dc826ef67756a0d3669baca815c8d44b26867c6865f714a23d9262"},
    {file = "numpy-1.12.1-cp34-cp34m-manylinux1_i686.whl", hash = "sha256:d8dbd7e35e4819e059a044c7545d5602937d6b666dbd9b6eb8ff40037ab0980c"},
    {file = "numpy-1.12.1-cp34-cp34m-manylinux1_x86_64.whl", hash = "sha256:4eac5f2f624c5e7eecbdb51395ff39a099c48cab607a158f16f288c6fe39a2b3"},
    {file = "numpy-1.12.1-cp34-none-win32.whl", hash = "sha256:9cd16915a815c2f04633d14e7640083c1b72e82b325439c91370adfd376c9975"},
    {file = "numpy-1.12.1-cp34-none-win_amd64.whl", hash = "sha256:4c64d9c389827f310c7f4e7887b741c34c6b2c337ff63a12f66ef0197fdf5366"},
    {file = "numpy-1.12.1-cp35-cp35m-macosx_10_6_intel.macosx_10_9_intel.macosx_10_9_x86_64.macosx_10_10_intel.macosx_10_10_x86_64.whl", hash = "sha256:9ce673bb7b6240b94b60b52186f5c0825f4b31e8191c8bc7412a7d0348fca2cd"},
    {file = "numpy-1.12.1-cp35-cp35m-manylinux1_i686.whl", hash = "sha256:130105bfc0b03245115da67b441c48597bf1ed7f5385f8388ce4f75cdf2f91d2"},
    {file = "numpy-1.12.1-cp35-cp35m-manylinux1_x86_64.whl", hash = "sha256:92dce120e385767cbe433719b5e3fdb1ac81907140d3984b3187208f79aff19f"},
    {file = "numpy-1.12.1-cp35-none-win32.whl", hash = "sha256:e97cecd783e8e7e70d18a42f6df7f18be14cbcc82fb9b837b03d072d1401ae53"},
    {file = "numpy-1.12.1-cp35-none-win_amd64.whl", hash = "sha256:818d5a1d5752d09929ce1ba1735366d5acc769a1839386dc91f3ac30cf9faf19"},
    {file = "numpy-1.12.1-cp36-cp36m-macosx_10_6_intel.macosx_10_9_intel.macosx_10_9_x86_64.macosx_10_10_intel.macosx_10_10_x86_64.whl", hash = "sha256:43ccfed0092def52b924e004780517c762f8fce3ececbd3f8e2580ac0538bb5e"},
    {file = "numpy-1.12.1-cp36-cp36m-manylinux1_i686.whl", hash = "sha256:5cb6341fc885b101978328d3c8d51a069a97a00699a30891106ef7dda56a0d30"},
    {file = "numpy-1.12.1-cp36-cp36m-manylinux1_x86_64.whl", hash = "sha256:5dd60892710df0ef654bbf4d1e3cb53ac79845e55a96e4a26dd47218e06d819a"},
    {file = "numpy-1.12.1-cp36-none-win32.whl", hash = "sha256:727d6373355b00b96d9320254a676b878d6cd43ae409186bec27eec3e5e4e6e7"},
    {file = "numpy-1.12.1-cp36-none-win_amd64.whl", hash = "sha256:47b4c4da2fe0618b65fd70987a414fdc24c09e1ffdff77f7147a3c6627b07596"},
    {file = "numpy-1.12.1.zip", hash = "sha256:a65266a4ad6ec8936a1bc85ce51f8600634a31a258b722c9274a80ff189d9542"},
]
office365-rest-client = [
    {file = "office365-rest-client-2.2.0.tar.gz", hash = "sha256:41f2901658a074e27e7838bb463c11a3226d172e099214c08e11945b432931b6"},
    {file = "office365_rest_client-2.2.0-py3-none-any.whl", hash = "sha256:e61e37461260b402cd61fb3a1fd99955670de72760db4d0575a89fc761ff75ef"},
]
pandas = [
    {file = "pandas-0.22.0-cp27-cp27m-macosx_10_6_intel.macosx_10_9_intel.macosx_10_9_x86_64.macosx_10_10_intel.macosx_10_10_x86_64.whl", hash = "sha256:68ac484e857dcbbd07ea7c6f516cc67f7f143f5313d9bc661470e7f473528882"},
    {file = "pandas-0.22.0-cp27-cp27m-win32.whl", hash = "sha256:06efae5c00b9f4c6e6d3fe1eb52e590ff0ea8e5cb58032c724e04d31c540de53"},
    {file = "pandas-0.22.0-cp27-cp27m-win_amd64.whl", hash = "sha256:02541a4fdd31315f213a5c8e18708abad719ee03eda05f603c4fe973e9b9d770"},
    {file = "pandas-0.22.0-cp27-cp27mu-manylinux1_i686.whl", hash = "sha256:12f2a19d0b0adf31170d98d0e8bcbc59add0965a9b0c65d39e0665400491c0c5"},
    {file = "pandas-0.22.0-cp27-cp27mu-manylinux1_x86_64.whl", hash = "sha256:68b121d13177f5128a4c118bb4f73ba40df28292c038389961aa55ea5a996427"},
    {file = "pandas-0.22.0-cp35-cp35m-macosx_10_6_intel.macosx_10_9_intel.macosx_10_9_x86_64.macosx_10_10_intel.macosx_10_10_x86_64.whl", hash = "sha256:2907f3fe91ca2119ac3c38de6891bbbc83333bfe0d98309768fee28de563ee7a"},
    {file = "pandas-0.22.0-cp35-cp35m-manylinux1_x86_64.whl", hash = "sha256:052a66f58783a59ea38fdfee25de083b107baa81fdbe38fabd169d0f9efce2bf"},
    {file = "pandas-0.22.0-cp35-cp35m-win32.whl", hash = "sha256:244ae0b9e998cfa88452a49b20e29bf582cc7c0e69093876d505aec4f8e1c7fe"},
    {file = "pandas-0.22.0-cp35-cp35m-win_amd64.whl", hash = "sha256:66403162c8b45325a995493bdd78ad4d8be085e527d721dbfa773d56fbba9c88"},
    {file = "pandas-0.22.0-cp36-cp36m-macosx_10_6_intel.macosx_10_9_intel.macosx_10_9_x86_64.macosx_10_10_intel.macosx_10_10_x86_64.whl", hash = "sha256:af0dbac881f6f87acd325415adea0ce8cccf28f5d4ad7a54b6a1e176e2f7bf70"},
    {file = "pandas-0.22.0-cp36-cp36m-manylinux1_i686.whl", hash = "sha256:c2cd884794924687edbaad40d18ac984054d247bb877890932c4d41e3c3aba31"},
    {file = "pandas-0.22.0-cp36-cp36m-manylinux1_x86_64.whl", hash = "sha256:c372db80a5bcb143c9cb254d50f902772c3b093a4f965275197ec2d2184b1e61"},
    {file = "pandas-0.22.0-cp36-cp36m-win32.whl", hash = "sha256:97c8223d42d43d86ca359a57b4702ca0529c6553e83d736e93a5699951f0f8db"},
    {file = "pandas-0.22.0-cp36-cp36m-win_amd64.whl", hash = "sha256:587a9816cc663c958fcff7907c553b73fe196604f990bc98e1b71ebf07e45b44"},
    {file = "pandas-0.22.0.tar.gz", hash = "sha256:44a94091dd71f05922eec661638ec1a35f26d573c119aa2fad964f10a2880e6c"},
]
pycparser = [
    {file = "pycparser-2.18.tar.gz", hash = "sha256:99a8ca03e29851d96616ad0404b4aad7d9ee16f25c9f9708a11faf2810f7b226"},
]
pyjwt = [
    {file = "PyJWT-1.7.1-py2.py3-none-any.whl", hash = "sha256:5c6eca3c2940464d106b99ba83b00c6add741c9becaec087fb7ccdefea71350e"},
    {file = "PyJWT-1.7.1.tar.gz", hash = "sha256:8d59a976fb773f3e6a39c85636357c4f0e242707394cadadd9814f5cbaa20e96"},
]
pyproj = [
    {file = "pyproj-2.2.2-cp27-cp27m-macosx_10_6_intel.macosx_10_9_intel.macosx_10_9_x86_64.macosx_10_10_intel.macosx_10_10_x86_64.whl", hash = "sha256:050e6a7414178b54ff9a43728606402bb6d27d2b0b91f777cd21520ae249a248"},
    {file = "pyproj-2.2.2-cp27-cp27m-manylinux1_x86_64.whl", hash = "sha256:0d4c13f192d4e3a354338fd7702811a8c75b93f6b583d6cfbebf86824e22b689"},
    {file = "pyproj-2.2.2-cp27-cp27mu-manylinux1_x86_64.whl", hash = "sha256:4eda076a3eae8b984c8576eed0a4cbe26094fc95224cfe6333b202ffc5610728"},
    {file = "pyproj-2.2.2-cp35-cp35m-macosx_10_6_intel.macosx_10_9_intel.macosx_10_9_x86_64.macosx_10_10_intel.macosx_10_10_x86_64.whl", hash = "sha256:f80d5b50fe2a4a27fa49258120246f0494346e9241e1624830fbeec5609053d6"},
    {file = "pyproj-2.2.2-cp35-cp35m-manylinux1_x86_64.whl", hash = "sha256:39d5716e3f1a3bc07674cebe8cb8b9885ac6e95874e56a180b0c98cdbaa7f1a9"},
    {file = "pyproj-2.2.2-cp35-cp35m-win32.whl", hash = "sha256:7d3989d15ad1d300f0d09d5ff8e44302af767c096256958db8132368a03c9905"},
    {file = "pyproj-2.2.2-cp35-cp35m-win_amd64.whl", hash = "sha256:12f833f0de417a11972e5e016a4a457e9e193981dc2f8cfc88a9a38d9d109788"},
    {file = "pyproj-2.2.2-cp36-cp36m-macosx_10_6_intel.macosx_10_9_intel.macosx_10_9_x86_64.macosx_10_10_intel.macosx_10_10_x86_64.whl", hash = "sha256:454c615e91294e69f40d8717655b45ff834aaf34cc95348062a0f33da491b23b"},
    {file = "pyproj-2.2.2-cp36-cp36m-manylinux1_i686.whl", hash = "sha256:9dd9ce7df1fa5ad50eea6ee613b5afd2cf8f6360f50e6d44771753034ef71bd8"},
    {file = "pyproj-2.2.2-cp36-cp36m-manylinux1_x86_64.whl", hash = "sha256:db6719f8570ce4e5d9a245346623a92dd00b53e4ad066237e8cdbf2bbb1d60d6"},
    {file = "pyproj-2.2.2-cp36-cp36m-win32.whl", hash = "sha256:8b19387d369b3b81729474f71840030ec72123b83d4d7b84a95855ed94a64131"},
    {file = "pyproj-2.2.2-cp36-cp36m-win_amd64.whl", hash = "sha256:fc71286a43583a75b8c372410c84c31b79ca9d92ca2fb9c7f63d387e938e8929"},
    {file = "pyproj-2.2.2-cp37-cp37m-macosx_10_6_intel.macosx_10_9_intel.macosx_10_9_x86_64.macosx_10_10_intel.macosx_10_10_x86_64.whl", hash = "sha256:a9888807c098a21cfc53e2138209b182682d504278875ff6f2fe82281e9f97c1"},
    {file = "pyproj-2.2.2-cp37-cp37m-manylinux1_i686.whl", hash = "sha256:0802f617d908cba8d05ced8ecd068e41424fae790fc1fc1340cc1f07a135e584"},
    {file = "pyproj-2.2.2-cp37-cp37m-manylinux1_x86_64.whl", hash = "sha256:7fda8df34ff7c8640c847ffede42e14fea6562bed5557409446ef2ce7a661a66"},
    {file = "pyproj-2.2.2-cp37-cp37m-win32.whl", hash = "sha256:273f8e0c82dbdb8c0916b50a7036e01fe24d38c8b71b4eab6a7963f94fa69876"},
    {file = "pyproj-2.2.2-cp37-cp37m-win_amd64.whl", hash = "sha256:eb83cb00ad71fb84f9ee6cbb3042e7e2518042f85122d2393d0dbf75cf515427"},
    {file = "pyproj-2.2.2-cp38-cp38m-win32.whl", hash = "sha256:455a6a7c7aa826101469b8880df8ade0975c07299fbf37a328f80c0730b7b09d"},
    {file = "pyproj-2.2.2-cp38-cp38m-win_amd64.whl", hash = "sha256:96b5e9f7eaebc659b330f352482e9fd2cdbbab4af604f8a8024cbbce640ebb3f"},
    {file = "pyproj-2.2.2.tar.gz", hash = "sha256:6f129a00afdd817dbb331af5709221f35012bcc11a23b8c83fa09197c1190786"},
]
python-dateutil = [
    {file = "python-dateutil-2.6.1.tar.gz", hash = "sha256:891c38b2a02f5bb1be3e4793866c8df49c7d19baabf9c1bad62547e0b4866aca"},
    {file = "python_dateutil-2.6.1-py2.py3-none-any.whl", hash = "sha256:95511bae634d69bc7329ba55e646499a842bc4ec342ad54a8cdb65645a0aad3c"},
]
python-dotenv = [
    {file = "python-dotenv-0.14.0.tar.gz", hash = "sha256:8c10c99a1b25d9a68058a1ad6f90381a62ba68230ca93966882a4dbc3bc9c33d"},
    {file = "python_dotenv-0.14.0-py2.py3-none-any.whl", hash = "sha256:c10863aee750ad720f4f43436565e4c1698798d763b63234fb5021b6c616e423"},
]
pytz = [
    {file = "pytz-2020.1-py2.py3-none-any.whl", hash = "sha256:a494d53b6d39c3c6e44c3bec237336e14305e4f29bbf800b599253057fbb79ed"},
    {file = "pytz-2020.1.tar.gz", hash = "sha256:c35965d010ce31b23eeb663ed3cc8c906275d6be1a34393a1d73a41febf4a048"},
]
requests = [
    {file = "requests-2.18.4-py2.py3-none-any.whl", hash = "sha256:6a1b267aa90cac58ac3a765d067950e7dbbf75b1da07e895d1f594193a40a38b"},
    {file = "requests-2.18.4.tar.gz", hash = "sha256:9c443e7324ba5b85070c4a818ade28bfabedf16ea10206da1132edaa6dda237e"},
]
shapely = [
    {file = "Shapely-1.7.1-cp27-cp27mu-manylinux1_x86_64.whl", hash = "sha256:4c10f317e379cc404f8fc510cd9982d5d3e7ba13a9cfd39aa251d894c6366798"},
    {file = "Shapely-1.7.1-cp35-cp35m-macosx_10_6_intel.whl", hash = "sha256:17df66e87d0fe0193910aeaa938c99f0b04f67b430edb8adae01e7be557b141b"},
    {file = "Shapely-1.7.1-cp35-cp35m-manylinux1_x86_64.whl", hash = "sha256:da38ed3d65b8091447dc3717e5218cc336d20303b77b0634b261bc5c1aa2bae8"},
    {file = "Shapely-1.7.1-cp35-cp35m-win32.whl", hash = "sha256:8e7659dd994792a0aad8fb80439f59055a21163e236faf2f9823beb63a380e19"},
    {file = "Shapely-1.7.1-cp35-cp35m-win_amd64.whl", hash = "sha256:791477edb422692e7dc351c5ed6530eb0e949a31b45569946619a0d9cd5f53cb"},
    {file = "Shapely-1.7.1-cp36-cp36m-macosx_10_9_x86_64.whl", hash = "sha256:e3afccf0437edc108eef1e2bb9cc4c7073e7705924eb4cd0bf7715cd1ef0ce1b"},
    {file = "Shapely-1.7.1-cp36-cp36m-manylinux1_x86_64.whl", hash = "sha256:8f15b6ce67dcc05b61f19c689b60f3fe58550ba994290ff8332f711f5aaa9840"},
    {file = "Shapely-1.7.1-cp36-cp36m-win32.whl", hash = "sha256:60e5b2282619249dbe8dc5266d781cc7d7fb1b27fa49f8241f2167672ad26719"},
    {file = "Shapely-1.7.1-cp36-cp36m-win_amd64.whl", hash = "sha256:de618e67b64a51a0768d26a9963ecd7d338a2cf6e9e7582d2385f88ad005b3d1"},
    {file = "Shapely-1.7.1-cp37-cp37m-macosx_10_9_x86_64.whl", hash = "sha256:182716ffb500d114b5d1b75d7fd9d14b7d3414cef3c38c0490534cc9ce20981a"},
    {file = "Shapely-1.7.1-cp37-cp37m-manylinux1_x86_64.whl", hash = "sha256:4f3c59f6dbf86a9fc293546de492f5e07344e045f9333f3a753f2dda903c45d1"},
    {file = "Shapely-1.7.1-cp37-cp37m-win32.whl", hash = "sha256:6871acba8fbe744efa4f9f34e726d070bfbf9bffb356a8f6d64557846324232b"},
    {file = "Shapely-1.7.1-cp37-cp37m-win_amd64.whl", hash = "sha256:35be1c5d869966569d3dfd4ec31832d7c780e9df760e1fe52131105685941891"},
    {file = "Shapely-1.7.1-cp38-cp38-macosx_10_9_x86_64.whl", hash = "sha256:052eb5b9ba756808a7825e8a8020fb146ec489dd5c919e7d139014775411e688"},
    {file = "Shapely-1.7.1-cp38-cp38-manylinux1_x86_64.whl", hash = "sha256:90a3e2ae0d6d7d50ff2370ba168fbd416a53e7d8448410758c5d6a5920646c1d"},
    {file = "Shapely-1.7.1-cp38-cp38-win32.whl", hash = "sha256:a3774516c8a83abfd1ddffb8b6ec1b0935d7fe6ea0ff5c31a18bfdae567b4eba"},
    {file = "Shapely-1.7.1-cp38-cp38-win_amd64.whl", hash = "sha256:6593026cd3f5daaea12bcc51ae5c979318070fefee210e7990cb8ac2364e79a1"},
    {file = "Shapely-1.7.1.tar.gz", hash = "sha256:1641724c1055459a7e2b8bbe47ba25bdc89554582e62aec23cb3f3ca25f9b129"},
]
six = [
    {file = "six-1.11.0-py2.py3-none-any.whl", hash = "sha256:832dc0e10feb1aa2c68dcc57dbb658f1c7e65b9b61af69048abc87a2db00a0eb"},
    {file = "six-1.11.0.tar.gz", hash = "sha256:70e8a77beed4562e7f14fe23a786b54f6296e34344c23bc42f07b15018ff98e9"},
]
typing = [
    {file = "typing-3.7.4.1-py2-none-any.whl", hash = "sha256:c8cabb5ab8945cd2f54917be357d134db9cc1eb039e59d1606dc1e60cb1d9d36"},
    {file = "typing-3.7.4.1-py3-none-any.whl", hash = "sha256:f38d83c5a7a7086543a0f649564d661859c5146a85775ab90c0d2f93ffaa9714"},
    {file = "typing-3.7.4.1.tar.gz", hash = "sha256:91dfe6f3f706ee8cc32d38edbbf304e9b7583fb37108fef38229617f8b3eba23"},
]
urllib3 = [
    {file = "urllib3-1.22-py2.py3-none-any.whl", hash = "sha256:06330f386d6e4b195fbfc736b297f58c5a892e4440e54d294d7004e3a9bbea1b"},
    {file = "urllib3-1.22.tar.gz", hash = "sha256:cc44da8e1145637334317feebd728bd869a35285b93cbb4cca2577da7e62db4f"},
]
